
Microsoft Visual Studio Solution File, Format Version 12.00
# Visual Studio Version 17
VisualStudioVersion = 17.1.31911.260
MinimumVisualStudioVersion = 10.0.40219.1
Project("{FAE04EC0-301F-11D3-BF4B-00C04F79EFBC}") = "CSharpExtensions.OpenSource.Mongo", "CSharpExtensions.OpenSource.Mongo.csproj", "{A4EE2803-62E1-4074-84FA-0D7B2744C053}"
EndProject
Global
	GlobalSection(SolutionConfigurationPlatforms) = preSolution
		Debug|Any CPU = Debug|Any CPU
		Release|Any CPU = Release|Any CPU
	EndGlobalSection
	GlobalSection(ProjectConfigurationPlatforms) = postSolution
		{A4EE2803-62E1-4074-84FA-0D7B2744C053}.Debug|Any CPU.ActiveCfg = Debug|Any CPU
		{A4EE2803-62E1-4074-84FA-0D7B2744C053}.Debug|Any CPU.Build.0 = Debug|Any CPU
		{A4EE2803-62E1-4074-84FA-0D7B2744C053}.Release|Any CPU.ActiveCfg = Release|Any CPU
		{A4EE2803-62E1-4074-84FA-0D7B2744C053}.Release|Any CPU.Build.0 = Release|Any CPU
	EndGlobalSection
	GlobalSection(SolutionProperties) = preSolution
		HideSolutionNode = FALSE
	EndGlobalSection
	GlobalSection(ExtensibilityGlobals) = postSolution
		SolutionGuid = {40307425-08BE-4CBF-A8FE-C40C460C4891}
	EndGlobalSection
EndGlobal
